
Microsoft Visual Studio Solution File, Format Version 12.00
# Visual Studio Version 17
VisualStudioVersion = 17.0.31912.275
MinimumVisualStudioVersion = 10.0.40219.1
Project("{FAE04EC0-301F-11D3-BF4B-00C04F79EFBC}") = "Configuration.Test", "Configuration.Test\Configuration.Test.csproj", "{2FF8C720-4DE6-4ECF-A5A6-7EE03A121830}"
EndProject
Project("{FAE04EC0-301F-11D3-BF4B-00C04F79EFBC}") = "Configuration.Auxiliary", "Configuration.Auxiliary\Configuration.Auxiliary.csproj", "{E328180F-3258-4FEC-82A7-29AC50CDE906}"
EndProject
Global
	GlobalSection(SolutionConfigurationPlatforms) = preSolution
		Debug|Any CPU = Debug|Any CPU
		Release|Any CPU = Release|Any CPU
	EndGlobalSection
	GlobalSection(ProjectConfigurationPlatforms) = postSolution
		{2FF8C720-4DE6-4ECF-A5A6-7EE03A121830}.Debug|Any CPU.ActiveCfg = Debug|Any CPU
		{2FF8C720-4DE6-4ECF-A5A6-7EE03A121830}.Debug|Any CPU.Build.0 = Debug|Any CPU
		{2FF8C720-4DE6-4ECF-A5A6-7EE03A121830}.Release|Any CPU.ActiveCfg = Release|Any CPU
		{2FF8C720-4DE6-4ECF-A5A6-7EE03A121830}.Release|Any CPU.Build.0 = Release|Any CPU
		{E328180F-3258-4FEC-82A7-29AC50CDE906}.Debug|Any CPU.ActiveCfg = Debug|Any CPU
		{E328180F-3258-4FEC-82A7-29AC50CDE906}.Debug|Any CPU.Build.0 = Debug|Any CPU
		{E328180F-3258-4FEC-82A7-29AC50CDE906}.Release|Any CPU.ActiveCfg = Release|Any CPU
		{E328180F-3258-4FEC-82A7-29AC50CDE906}.Release|Any CPU.Build.0 = Release|Any CPU
	EndGlobalSection
	GlobalSection(SolutionProperties) = preSolution
		HideSolutionNode = FALSE
	EndGlobalSection
	GlobalSection(ExtensibilityGlobals) = postSolution
		SolutionGuid = {5BA5ACE0-37DE-437B-8703-718679367B28}
	EndGlobalSection
EndGlobal
